
Microsoft Visual Studio Solution File, Format Version 12.00
# Visual Studio 14
VisualStudioVersion = 14.0.24720.0
MinimumVisualStudioVersion = 10.0.40219.1
Project("{FAE04EC0-301F-11D3-BF4B-00C04F79EFBC}") = "Client", "Client\Client.csproj", "{061A2888-B46A-44D3-9D85-915D34033771}"
EndProject
Project("{FAE04EC0-301F-11D3-BF4B-00C04F79EFBC}") = "Interface", "Interface\Interface.csproj", "{6194FE61-C3EA-4644-AB59-372611BD7E79}"
EndProject
Project("{FAE04EC0-301F-11D3-BF4B-00C04F79EFBC}") = "Server", "Server\Server.csproj", "{B0793141-DC81-4AED-93F7-668C2660C870}"
EndProject
Global
	GlobalSection(SolutionConfigurationPlatforms) = preSolution
		Debug|Any CPU = Debug|Any CPU
		Release|Any CPU = Release|Any CPU
	EndGlobalSection
	GlobalSection(ProjectConfigurationPlatforms) = postSolution
		{061A2888-B46A-44D3-9D85-915D34033771}.Debug|Any CPU.ActiveCfg = Debug|Any CPU
		{061A2888-B46A-44D3-9D85-915D34033771}.Debug|Any CPU.Build.0 = Debug|Any CPU
		{061A2888-B46A-44D3-9D85-915D34033771}.Release|Any CPU.ActiveCfg = Release|Any CPU
		{061A2888-B46A-44D3-9D85-915D34033771}.Release|Any CPU.Build.0 = Release|Any CPU
		{6194FE61-C3EA-4644-AB59-372611BD7E79}.Debug|Any CPU.ActiveCfg = Debug|Any CPU
		{6194FE61-C3EA-4644-AB59-372611BD7E79}.Debug|Any CPU.Build.0 = Debug|Any CPU
		{6194FE61-C3EA-4644-AB59-372611BD7E79}.Release|Any CPU.ActiveCfg = Release|Any CPU
		{6194FE61-C3EA-4644-AB59-372611BD7E79}.Release|Any CPU.Build.0 = Release|Any CPU
		{B0793141-DC81-4AED-93F7-668C2660C870}.Debug|Any CPU.ActiveCfg = Debug|Any CPU
		{B0793141-DC81-4AED-93F7-668C2660C870}.Debug|Any CPU.Build.0 = Debug|Any CPU
		{B0793141-DC81-4AED-93F7-668C2660C870}.Release|Any CPU.ActiveCfg = Release|Any CPU
		{B0793141-DC81-4AED-93F7-668C2660C870}.Release|Any CPU.Build.0 = Release|Any CPU
	EndGlobalSection
	GlobalSection(SolutionProperties) = preSolution
		HideSolutionNode = FALSE
	EndGlobalSection
EndGlobal
